
Microsoft Visual Studio Solution File, Format Version 12.00
# Visual Studio Express 2013 for Windows Desktop
VisualStudioVersion = 12.0.21005.1
MinimumVisualStudioVersion = 10.0.40219.1
Project("{8BC9CEB8-8B4A-11D0-8D11-00A0C91BC942}") = "milkytracker", "milkytracker.vcxproj", "{DF9D8714-F7A9-4A47-8233-206D98909AD2}"
EndProject
Global
	GlobalSection(SolutionConfigurationPlatforms) = preSolution
		Debug MBCS|Win32 = Debug MBCS|Win32
		Debug|Win32 = Debug|Win32
		PocketPC|Win32 = PocketPC|Win32
		Release MBCS|Win32 = Release MBCS|Win32
		Release|Win32 = Release|Win32
	EndGlobalSection
	GlobalSection(ProjectConfigurationPlatforms) = postSolution
		{DF9D8714-F7A9-4A47-8233-206D98909AD2}.Debug MBCS|Win32.ActiveCfg = Debug MBCS|Win32
		{DF9D8714-F7A9-4A47-8233-206D98909AD2}.Debug MBCS|Win32.Build.0 = Debug MBCS|Win32
		{DF9D8714-F7A9-4A47-8233-206D98909AD2}.Debug|Win32.ActiveCfg = Debug|Win32
		{DF9D8714-F7A9-4A47-8233-206D98909AD2}.Debug|Win32.Build.0 = Debug|Win32
		{DF9D8714-F7A9-4A47-8233-206D98909AD2}.PocketPC|Win32.ActiveCfg = PocketPC|Win32
		{DF9D8714-F7A9-4A47-8233-206D98909AD2}.PocketPC|Win32.Build.0 = PocketPC|Win32
		{DF9D8714-F7A9-4A47-8233-206D98909AD2}.Release MBCS|Win32.ActiveCfg = Release MBCS|Win32
		{DF9D8714-F7A9-4A47-8233-206D98909AD2}.Release MBCS|Win32.Build.0 = Release MBCS|Win32
		{DF9D8714-F7A9-4A47-8233-206D98909AD2}.Release|Win32.ActiveCfg = Release|Win32
		{DF9D8714-F7A9-4A47-8233-206D98909AD2}.Release|Win32.Build.0 = Release|Win32
	EndGlobalSection
	GlobalSection(SolutionProperties) = preSolution
		HideSolutionNode = FALSE
	EndGlobalSection
EndGlobal
